<?xml version="1.0" encoding="utf-8"?>
<Project ToolsVersion="4.0" xmlns="http://schemas.microsoft.com/developer/msbuild/2003">
  <ItemGroup>
    <Filter Include="Source Files">
      <UniqueIdentifier>{4FC737F1-C7A5-4376-A066-2A32D752A2FF}</UniqueIdentifier>
      <Extensions>cpp;c;cc;cxx;c++;cppm;ixx;def;odl;idl;hpj;bat;asm;asmx</Extensions>
    </Filter>
    <Filter Include="Header Files">
      <UniqueIdentifier>{93995380-89BD-4b04-88EB-625FBE52EBFB}</UniqueIdentifier>
      <Extensions>h;hh;hpp;hxx;h++;hm;inl;inc;ipp;xsd</Extensions>
    </Filter>
    <Filter Include="Resource Files">
      <UniqueIdentifier>{67DA6AB6-F800-4c08-8B7A-83BB121AAD01}</UniqueIdentifier>
      <Extensions>rc;ico;cur;bmp;dlg;rc2;rct;bin;rgs;gif;jpg;jpeg;jpe;resx;tiff;tif;png;wav;mfcribbon-ms</Extensions>
    </Filter>
  </ItemGroup>
  <ItemGroup>
    <ClInclude Include="framework.h">
      <Filter>Header Files</Filter>
    </ClInclude>
    <ClInclude Include="targetver.h">
      <Filter>Header Files</Filter>
    </ClInclude>
    <ClInclude Include="Resource.h">
      <Filter>Header Files</Filter>
    </ClInclude>
    <ClInclude Include="pch.h">
      <Filter>Header Files</Filter>
    </ClInclude>
    <ClInclude Include="ScriptEngine.h">
      <Filter>Source Files</Filter>
    </ClInclude>
    <ClInclude Include="HeizkalenderInstallation.h">
      <Filter>Source Files</Filter>
    </ClInclude>
    <ClInclude Include="PropertySheet.h">
      <Filter>Source Files</Filter>
    </ClInclude>
    <ClInclude Include="Data.h">
      <Filter>Source Files</Filter>
    </ClInclude>
    <ClInclude Include="Helper.h">
      <Filter>Source Files</Filter>
    </ClInclude>
    <ClInclude Include="FileVersionInfo.h">
      <Filter>Source Files</Filter>
    </ClInclude>
    <ClInclude Include="WGetEngine.h">
      <Filter>Source Files</Filter>
    </ClInclude>
    <ClInclude Include="Controls.h">
      <Filter>Source Files</Filter>
    </ClInclude>
    <ClInclude Include="WarningDlg.h">
      <Filter>Source Files</Filter>
    </ClInclude>
    <ClInclude Include="AboutDlg.h">
      <Filter>Source Files</Filter>
    </ClInclude>
    <ClInclude Include="RaumDlg.h">
      <Filter>Source Files</Filter>
    </ClInclude>
    <ClInclude Include="RessourceDlg.h">
      <Filter>Source Files</Filter>
    </ClInclude>
    <ClInclude Include="SysVarDlg.h">
      <Filter>Header Files</Filter>
    </ClInclude>
  </ItemGroup>
  <ItemGroup>
    <ClCompile Include="HeizkalenderInstallation.cpp">
      <Filter>Source Files</Filter>
    </ClCompile>
    <ClCompile Include="pch.cpp">
      <Filter>Source Files</Filter>
    </ClCompile>
    <ClCompile Include="PropertySheet.cpp">
      <Filter>Source Files</Filter>
    </ClCompile>
    <ClCompile Include="ScriptEngine.cpp">
      <Filter>Source Files</Filter>
    </ClCompile>
    <ClCompile Include="Data.cpp">
      <Filter>Source Files</Filter>
    </ClCompile>
    <ClCompile Include="Helper.cpp">
      <Filter>Source Files</Filter>
    </ClCompile>
    <ClCompile Include="AboutDlg.cpp">
      <Filter>Source Files</Filter>
    </ClCompile>
    <ClCompile Include="FileVersionInfo.cpp">
      <Filter>Source Files</Filter>
    </ClCompile>
    <ClCompile Include="WarningDlg.cpp">
      <Filter>Source Files</Filter>
    </ClCompile>
    <ClCompile Include="WGetEngine.cpp">
      <Filter>Source Files</Filter>
    </ClCompile>
    <ClCompile Include="Controls.cpp">
      <Filter>Source Files</Filter>
    </ClCompile>
    <ClCompile Include="RaumDlg.cpp">
      <Filter>Source Files</Filter>
    </ClCompile>
    <ClCompile Include="RessourceDlg.cpp">
      <Filter>Source Files</Filter>
    </ClCompile>
    <ClCompile Include="SysVarDlg.cpp">
      <Filter>Source Files</Filter>
    </ClCompile>
  </ItemGroup>
  <ItemGroup>
    <ResourceCompile Include="HeizkalenderInstallation.rc">
      <Filter>Resource Files</Filter>
    </ResourceCompile>
  </ItemGroup>
  <ItemGroup>
    <None Include="res\HeizkalenderInstallation.rc2">
      <Filter>Resource Files</Filter>
    </None>
    <None Include="res\SYSVARS-Init.hsc">
      <Filter>Resource Files</Filter>
    </None>
    <None Include="res\SYSVARS_Init_ChurchDesk.hsc">
      <Filter>Resource Files</Filter>
    </None>
    <None Include="res\SYSVARS_Init_ChurchTools.hsc">
      <Filter>Resource Files</Filter>
    </None>
    <None Include="res\Create_HK-Außentemperatur-Open-Meteo.hsc">
      <Filter>Resource Files</Filter>
    </None>
    <None Include="res\Create_HK-Heizkurvenkontrolle.hsc">
      <Filter>Resource Files</Filter>
    </None>
    <None Include="res\Create_HK-Skript 1.hsc">
      <Filter>Resource Files</Filter>
    </None>
    <None Include="res\Create_HK-Skript 2.hsc">
      <Filter>Resource Files</Filter>
    </None>
    <None Include="res\Create_HK-Systemprotokoll sichern.hsc">
      <Filter>Resource Files</Filter>
    </None>
    <None Include="res\SYSVARS_Init_iCal.hsc">
      <Filter>Resource Files</Filter>
    </None>
    <None Include="res\SYSVARS_Init_Google.hsc">
      <Filter>Resource Files</Filter>
    </None>
  </ItemGroup>
  <ItemGroup>
    <Image Include="res\HeizkalenderInstallation.ico">
      <Filter>Resource Files</Filter>
    </Image>
  </ItemGroup>
  <ItemGroup>
    <Text Include="res\Readme.txt">
      <Filter>Resource Files</Filter>
    </Text>
    <Text Include="res\SYSVARS-InitValues.txt">
      <Filter>Resource Files</Filter>
    </Text>
  </ItemGroup>
</Project>